Microsoft Visual Studio Solution File, Format Version 12.00
# Visual Studio 15
VisualStudioVersion = 15.0.28307.489
MinimumVisualStudioVersion = 10.0.40219.1
Project("{9A19103F-16F7-4668-BE54-9A1E7A4F7556}") = "APMS.IdentityServer", "APMS.IdentityServer\APMS.IdentityServer.csproj", "{D2486C6B-5B6C-407A-BB08-7C5C558B35E9}"
EndProject
Project("{9A19103F-16F7-4668-BE54-9A1E7A4F7556}") = "APMS.Data", "APMS.Data\APMS.Data.csproj", "{506309DD-7EF4-4FB4-AA07-5E9A76F9B5E1}"
EndProject
Project("{2150E333-8FDC-42A3-9474-1A3956D46DE8}") = "API", "API", "{06E319B4-C548-4C43-9E4B-A19FCA6DF60E}"
EndProject
Project("{9A19103F-16F7-4668-BE54-9A1E7A4F7556}") = "APMS.Services", "APMS.Services\APMS.Services.csproj", "{3EB99050-2DC6-4286-9C92-68E2B3EE11C5}"
EndProject
Project("{9A19103F-16F7-4668-BE54-9A1E7A4F7556}") = "APMS.Repositories", "APMS.Repositories\APMS.Repositories.csproj", "{8229214F-165B-4F35-BC03-F6DEC73CF28B}"
EndProject
Project("{9A19103F-16F7-4668-BE54-9A1E7A4F7556}") = "APMS.BusinessLogic", "APMS.BusinessLogic\APMS.BusinessLogic.csproj", "{93698506-C6E3-42CD-9918-774F01657CF1}"
EndProject
Project("{2150E333-8FDC-42A3-9474-1A3956D46DE8}") = "Libraries", "Libraries", "{784A60EF-7680-47EA-BF59-5ECB15BA18C6}"
EndProject
Project("{9A19103F-16F7-4668-BE54-9A1E7A4F7556}") = "APMS.WebApp", "APMS.WebApp\APMS.WebApp.csproj", "{D4E51967-19C9-4917-94FD-6C4538F46A78}"
EndProject
Project("{9A19103F-16F7-4668-BE54-9A1E7A4F7556}") = "APMS.Api", "APMS.Api\APMS.Api.csproj", "{ED8E76E6-0798-4C2C-9927-493D3633826D}"
EndProject
Global
	GlobalSection(SolutionConfigurationPlatforms) = preSolution
		Debug|Any CPU = Debug|Any CPU
		Release|Any CPU = Release|Any CPU
	EndGlobalSection
	GlobalSection(ProjectConfigurationPlatforms) = postSolution
		{D2486C6B-5B6C-407A-BB08-7C5C558B35E9}.Debug|Any CPU.ActiveCfg = Debug|Any CPU
		{D2486C6B-5B6C-407A-BB08-7C5C558B35E9}.Debug|Any CPU.Build.0 = Debug|Any CPU
		{D2486C6B-5B6C-407A-BB08-7C5C558B35E9}.Release|Any CPU.ActiveCfg = Release|Any CPU
		{D2486C6B-5B6C-407A-BB08-7C5C558B35E9}.Release|Any CPU.Build.0 = Release|Any CPU
		{506309DD-7EF4-4FB4-AA07-5E9A76F9B5E1}.Debug|Any CPU.ActiveCfg = Debug|Any CPU
		{506309DD-7EF4-4FB4-AA07-5E9A76F9B5E1}.Debug|Any CPU.Build.0 = Debug|Any CPU
		{506309DD-7EF4-4FB4-AA07-5E9A76F9B5E1}.Release|Any CPU.ActiveCfg = Release|Any CPU
		{506309DD-7EF4-4FB4-AA07-5E9A76F9B5E1}.Release|Any CPU.Build.0 = Release|Any CPU
		{3EB99050-2DC6-4286-9C92-68E2B3EE11C5}.Debug|Any CPU.ActiveCfg = Debug|Any CPU
		{3EB99050-2DC6-4286-9C92-68E2B3EE11C5}.Debug|Any CPU.Build.0 = Debug|Any CPU
		{3EB99050-2DC6-4286-9C92-68E2B3EE11C5}.Release|Any CPU.ActiveCfg = Release|Any CPU
		{3EB99050-2DC6-4286-9C92-68E2B3EE11C5}.Release|Any CPU.Build.0 = Release|Any CPU
		{8229214F-165B-4F35-BC03-F6DEC73CF28B}.Debug|Any CPU.ActiveCfg = Debug|Any CPU
		{8229214F-165B-4F35-BC03-F6DEC73CF28B}.Debug|Any CPU.Build.0 = Debug|Any CPU
		{8229214F-165B-4F35-BC03-F6DEC73CF28B}.Release|Any CPU.ActiveCfg = Release|Any CPU
		{8229214F-165B-4F35-BC03-F6DEC73CF28B}.Release|Any CPU.Build.0 = Release|Any CPU
		{93698506-C6E3-42CD-9918-774F01657CF1}.Debug|Any CPU.ActiveCfg = Debug|Any CPU
		{93698506-C6E3-42CD-9918-774F01657CF1}.Debug|Any CPU.Build.0 = Debug|Any CPU
		{93698506-C6E3-42CD-9918-774F01657CF1}.Release|Any CPU.ActiveCfg = Release|Any CPU
		{93698506-C6E3-42CD-9918-774F01657CF1}.Release|Any CPU.Build.0 = Release|Any CPU
		{D4E51967-19C9-4917-94FD-6C4538F46A78}.Debug|Any CPU.ActiveCfg = Debug|Any CPU
		{D4E51967-19C9-4917-94FD-6C4538F46A78}.Debug|Any CPU.Build.0 = Debug|Any CPU
		{D4E51967-19C9-4917-94FD-6C4538F46A78}.Release|Any CPU.ActiveCfg = Release|Any CPU
		{D4E51967-19C9-4917-94FD-6C4538F46A78}.Release|Any CPU.Build.0 = Release|Any CPU
		{ED8E76E6-0798-4C2C-9927-493D3633826D}.Debug|Any CPU.ActiveCfg = Debug|Any CPU
		{ED8E76E6-0798-4C2C-9927-493D3633826D}.Debug|Any CPU.Build.0 = Debug|Any CPU
		{ED8E76E6-0798-4C2C-9927-493D3633826D}.Release|Any CPU.ActiveCfg = Release|Any CPU
		{ED8E76E6-0798-4C2C-9927-493D3633826D}.Release|Any CPU.Build.0 = Release|Any CPU
	EndGlobalSection
	GlobalSection(SolutionProperties) = preSolution
		HideSolutionNode = FALSE
	EndGlobalSection
	GlobalSection(NestedProjects) = preSolution
		{D2486C6B-5B6C-407A-BB08-7C5C558B35E9} = {06E319B4-C548-4C43-9E4B-A19FCA6DF60E}
		{506309DD-7EF4-4FB4-AA07-5E9A76F9B5E1} = {784A60EF-7680-47EA-BF59-5ECB15BA18C6}
		{3EB99050-2DC6-4286-9C92-68E2B3EE11C5} = {784A60EF-7680-47EA-BF59-5ECB15BA18C6}
		{8229214F-165B-4F35-BC03-F6DEC73CF28B} = {784A60EF-7680-47EA-BF59-5ECB15BA18C6}
		{93698506-C6E3-42CD-9918-774F01657CF1} = {784A60EF-7680-47EA-BF59-5ECB15BA18C6}
		{ED8E76E6-0798-4C2C-9927-493D3633826D} = {06E319B4-C548-4C43-9E4B-A19FCA6DF60E}
	EndGlobalSection
	GlobalSection(ExtensibilityGlobals) = postSolution
		SolutionGuid = {3DBCEE96-3F24-43CE-8719-88754CCB6362}
	EndGlobalSection
EndGlobal
